
Microsoft Visual Studio Solution File, Format Version 12.00
# Visual Studio Version 16
VisualStudioVersion = 16.0.31205.134
MinimumVisualStudioVersion = 10.0.40219.1
Project("{FAE04EC0-301F-11D3-BF4B-00C04F79EFBC}") = "Lab7", "Lab7\Lab7.csproj", "{18BF5456-94E1-41D8-889B-03D7FBEDF82C}"
EndProject
Global
	GlobalSection(SolutionConfigurationPlatforms) = preSolution
		Debug|Any CPU = Debug|Any CPU
		Release|Any CPU = Release|Any CPU
	EndGlobalSection
	GlobalSection(ProjectConfigurationPlatforms) = postSolution
		{18BF5456-94E1-41D8-889B-03D7FBEDF82C}.Debug|Any CPU.ActiveCfg = Debug|Any CPU
		{18BF5456-94E1-41D8-889B-03D7FBEDF82C}.Debug|Any CPU.Build.0 = Debug|Any CPU
		{18BF5456-94E1-41D8-889B-03D7FBEDF82C}.Release|Any CPU.ActiveCfg = Release|Any CPU
		{18BF5456-94E1-41D8-889B-03D7FBEDF82C}.Release|Any CPU.Build.0 = Release|Any CPU
	EndGlobalSection
	GlobalSection(SolutionProperties) = preSolution
		HideSolutionNode = FALSE
	EndGlobalSection
	GlobalSection(ExtensibilityGlobals) = postSolution
		SolutionGuid = {ADE2C99E-69B4-429A-AA3D-83DBF40E3736}
	EndGlobalSection
EndGlobal
